{
    "name": "dev_taller",
    "version": "1.0.0",
    "lockfileVersion": 1,
    "requires": true,
    "dependencies": {
        "accept": {
            "version": "2.1.4",
            "resolved": "https://registry.npmjs.org/accept/-/accept-2.1.4.tgz",
            "integrity": "sha1-iHr1TO7lx/RDBGGXHsQAxh0JrLs=",
            "requires": {
                "boom": "5.2.0",
                "hoek": "4.2.1"
            }
        },
        "accepts": {
            "version": "1.3.5",
            "resolved": "https://registry.npmjs.org/accepts/-/accepts-1.3.5.tgz",
            "integrity": "sha1-63d99gEXI6OxTopywIBcjoZ0a9I=",
            "requires": {
                "mime-types": "2.1.18",
                "negotiator": "0.6.1"
            }
        },
        "ammo": {
            "version": "2.0.4",
            "resolved": "https://registry.npmjs.org/ammo/-/ammo-2.0.4.tgz",
            "integrity": "sha1-v4CqshFpjqePY+9efxE91dnokX8=",
            "requires": {
                "boom": "5.2.0",
                "hoek": "4.2.1"
            }
        },
        "array-flatten": {
            "version": "1.1.1",
            "resolved": "https://registry.npmjs.org/array-flatten/-/array-flatten-1.1.1.tgz",
            "integrity": "sha1-ml9pkFGx5wczKPKgCJaLZOopVdI="
        },
        "b64": {
            "version": "3.0.3",
            "resolved": "https://registry.npmjs.org/b64/-/b64-3.0.3.tgz",
            "integrity": "sha512-Pbeh0i6OLubPJdIdCepn8ZQHwN2MWznZHbHABSTEfQ706ie+yuxNSaPdqX1xRatT6WanaS1EazMiSg0NUW2XxQ=="
        },
        "balanced-match": {
            "version": "1.0.0",
            "resolved": "https://registry.npmjs.org/balanced-match/-/balanced-match-1.0.0.tgz",
            "integrity": "sha1-ibTRmasr7kneFk6gK4nORi1xt2c="
        },
        "body-parser": {
            "version": "1.18.2",
            "resolved": "https://registry.npmjs.org/body-parser/-/body-parser-1.18.2.tgz",
            "integrity": "sha1-h2eKGdhLR9hZuDGZvVm84iKxBFQ=",
            "requires": {
                "bytes": "3.0.0",
                "content-type": "1.0.4",
                "debug": "2.6.9",
                "depd": "1.1.2",
                "http-errors": "1.6.2",
                "iconv-lite": "0.4.19",
                "on-finished": "2.3.0",
                "qs": "6.5.1",
                "raw-body": "2.3.2",
                "type-is": "1.6.16"
            }
        },
        "boom": {
            "version": "5.2.0",
            "resolved": "https://registry.npmjs.org/boom/-/boom-5.2.0.tgz",
            "integrity": "sha512-Z5BTk6ZRe4tXXQlkqftmsAUANpXmuwlsF5Oov8ThoMbQRzdGTA1ngYRW160GexgOgjsFOKJz0LYhoNi+2AMBUw==",
            "requires": {
                "hoek": "4.2.1"
            }
        },
        "brace-expansion": {
            "version": "1.1.11",
            "resolved": "https://registry.npmjs.org/brace-expansion/-/brace-expansion-1.1.11.tgz",
            "integrity": "sha512-iCuPHDFgrHX7H2vEI/5xpz07zSHB00TpugqhmYtVmMO6518mCuRMoOYFldEBl0g187ufozdaHgWKcYFb61qGiA==",
            "requires": {
                "balanced-match": "1.0.0",
                "concat-map": "0.0.1"
            }
        },
        "buffer-writer": {
            "version": "1.0.1",
            "resolved": "https://registry.npmjs.org/buffer-writer/-/buffer-writer-1.0.1.tgz",
            "integrity": "sha1-Iqk2kB4wKa/NdUfrRIfOtpejvwg="
        },
        "bytes": {
            "version": "3.0.0",
            "resolved": "https://registry.npmjs.org/bytes/-/bytes-3.0.0.tgz",
            "integrity": "sha1-0ygVQE1olpn4Wk6k+odV3ROpYEg="
        },
        "call": {
            "version": "4.0.2",
            "resolved": "https://registry.npmjs.org/call/-/call-4.0.2.tgz",
            "integrity": "sha1-33b19R7o3Ui4VqyEAPfmnm1zmcQ=",
            "requires": {
                "boom": "5.2.0",
                "hoek": "4.2.1"
            }
        },
        "cast-array": {
            "version": "1.0.1",
            "resolved": "https://registry.npmjs.org/cast-array/-/cast-array-1.0.1.tgz",
            "integrity": "sha1-Jk7xEp5YiLxIysQP6RTp9puNGJ0=",
            "requires": {
                "isarray": "0.0.1"
            }
        },
        "catbox": {
            "version": "7.1.5",
            "resolved": "https://registry.npmjs.org/catbox/-/catbox-7.1.5.tgz",
            "integrity": "sha512-4fui5lELzqZ+9cnaAP/BcqXTH6LvWLBRtFhJ0I4FfgfXiSaZcf6k9m9dqOyChiTxNYtvLk7ZMYSf7ahMq3bf5A==",
            "requires": {
                "boom": "5.2.0",
                "hoek": "4.2.1",
                "joi": "10.6.0"
            },
            "dependencies": {
                "joi": {
                    "version": "10.6.0",
                    "resolved": "https://registry.npmjs.org/joi/-/joi-10.6.0.tgz",
                    "integrity": "sha512-hBF3LcqyAid+9X/pwg+eXjD2QBZI5eXnBFJYaAkH4SK3mp9QSRiiQnDYlmlz5pccMvnLcJRS4whhDOTCkmsAdQ==",
                    "requires": {
                        "hoek": "4.2.1",
                        "isemail": "2.2.1",
                        "items": "2.1.1",
                        "topo": "2.0.2"
                    }
                }
            }
        },
        "catbox-memory": {
            "version": "2.0.4",
            "resolved": "https://registry.npmjs.org/catbox-memory/-/catbox-memory-2.0.4.tgz",
            "integrity": "sha1-Qz4lWQLK9UIz0ShkKcj03xToItU=",
            "requires": {
                "hoek": "4.2.1"
            }
        },
        "concat-map": {
            "version": "0.0.1",
            "resolved": "https://registry.npmjs.org/concat-map/-/concat-map-0.0.1.tgz",
            "integrity": "sha1-2Klr13/Wjfd5OnMDajug1UBdR3s="
        },
        "content": {
            "version": "3.0.7",
            "resolved": "https://registry.npmjs.org/content/-/content-3.0.7.tgz",
            "integrity": "sha512-LXtnSnvE+Z1Cjpa3P9gh9kb396qV4MqpfwKy777BOSF8n6nw2vAi03tHNl0/XRqZUyzVzY/+nMXOZVnEapWzdg==",
            "requires": {
                "boom": "5.2.0"
            }
        },
        "content-disposition": {
            "version": "0.5.2",
            "resolved": "https://registry.npmjs.org/content-disposition/-/content-disposition-0.5.2.tgz",
            "integrity": "sha1-DPaLud318r55YcOoUXjLhdunjLQ="
        },
        "content-type": {
            "version": "1.0.4",
            "resolved": "https://registry.npmjs.org/content-type/-/content-type-1.0.4.tgz",
            "integrity": "sha512-hIP3EEPs8tB9AT1L+NUqtwOAps4mk2Zob89MWXMHjHWg9milF/j4osnnQLXBCBFBk/tvIG/tUc9mOUJiPBhPXA=="
        },
        "cookie": {
            "version": "0.3.1",
            "resolved": "https://registry.npmjs.org/cookie/-/cookie-0.3.1.tgz",
            "integrity": "sha1-5+Ch+e9DtMi6klxcWpboBtFoc7s="
        },
        "cookie-signature": {
            "version": "1.0.6",
            "resolved": "https://registry.npmjs.org/cookie-signature/-/cookie-signature-1.0.6.tgz",
            "integrity": "sha1-4wOogrNCzD7oylE6eZmXNNqzriw="
        },
        "cryptiles": {
            "version": "3.1.2",
            "resolved": "https://registry.npmjs.org/cryptiles/-/cryptiles-3.1.2.tgz",
            "integrity": "sha1-qJ+7Ig9c4l7FboxKqKT9e1sNKf4=",
            "requires": {
                "boom": "5.2.0"
            }
        },
        "debug": {
            "version": "2.6.9",
            "resolved": "https://registry.npmjs.org/debug/-/debug-2.6.9.tgz",
            "integrity": "sha512-bC7ElrdJaJnPbAP+1EotYvqZsb3ecl5wi6Bfi6BJTUcNowp6cvspg0jXznRTKDjm/E7AdgFBVeAPVMNcKGsHMA==",
            "requires": {
                "ms": "2.0.0"
            }
        },
        "depd": {
            "version": "1.1.2",
            "resolved": "https://registry.npmjs.org/depd/-/depd-1.1.2.tgz",
            "integrity": "sha1-m81S4UwJd2PnSbJ0xDRu0uVgtak="
        },
        "destroy": {
            "version": "1.0.4",
            "resolved": "https://registry.npmjs.org/destroy/-/destroy-1.0.4.tgz",
            "integrity": "sha1-l4hXRCxEdJ5CBmE+N5RiBYJqvYA="
        },
        "dotenv": {
            "version": "5.0.1",
            "resolved": "https://registry.npmjs.org/dotenv/-/dotenv-5.0.1.tgz",
            "integrity": "sha512-4As8uPrjfwb7VXC+WnLCbXK7y+Ueb2B3zgNCePYfhxS1PYeaO1YTeplffTEcbfLhvFNGLAz90VvJs9yomG7bow=="
        },
        "ee-first": {
            "version": "1.1.1",
            "resolved": "https://registry.npmjs.org/ee-first/-/ee-first-1.1.1.tgz",
            "integrity": "sha1-WQxhFWsK4vTwJVcyoViyZrxWsh0="
        },
        "encodeurl": {
            "version": "1.0.2",
            "resolved": "https://registry.npmjs.org/encodeurl/-/encodeurl-1.0.2.tgz",
            "integrity": "sha1-rT/0yG7C0CkyL1oCw6mmBslbP1k="
        },
        "escape-html": {
            "version": "1.0.3",
            "resolved": "https://registry.npmjs.org/escape-html/-/escape-html-1.0.3.tgz",
            "integrity": "sha1-Aljq5NPQwJdN4cFpGI7wBR0dGYg="
        },
        "etag": {
            "version": "1.8.1",
            "resolved": "https://registry.npmjs.org/etag/-/etag-1.8.1.tgz",
            "integrity": "sha1-Qa4u62XvpiJorr/qg6x9eSmbCIc="
        },
        "express": {
            "version": "4.16.3",
            "resolved": "https://registry.npmjs.org/express/-/express-4.16.3.tgz",
            "integrity": "sha1-avilAjUNsyRuzEvs9rWjTSL37VM=",
            "requires": {
                "accepts": "1.3.5",
                "array-flatten": "1.1.1",
                "body-parser": "1.18.2",
                "content-disposition": "0.5.2",
                "content-type": "1.0.4",
                "cookie": "0.3.1",
                "cookie-signature": "1.0.6",
                "debug": "2.6.9",
                "depd": "1.1.2",
                "encodeurl": "1.0.2",
                "escape-html": "1.0.3",
                "etag": "1.8.1",
                "finalhandler": "1.1.1",
                "fresh": "0.5.2",
                "merge-descriptors": "1.0.1",
                "methods": "1.1.2",
                "on-finished": "2.3.0",
                "parseurl": "1.3.2",
                "path-to-regexp": "0.1.7",
                "proxy-addr": "2.0.3",
                "qs": "6.5.1",
                "range-parser": "1.2.0",
                "safe-buffer": "5.1.1",
                "send": "0.16.2",
                "serve-static": "1.13.2",
                "setprototypeof": "1.1.0",
                "statuses": "1.4.0",
                "type-is": "1.6.16",
                "utils-merge": "1.0.1",
                "vary": "1.1.2"
            }
        },
        "finalhandler": {
            "version": "1.1.1",
            "resolved": "https://registry.npmjs.org/finalhandler/-/finalhandler-1.1.1.tgz",
            "integrity": "sha512-Y1GUDo39ez4aHAw7MysnUD5JzYX+WaIj8I57kO3aEPT1fFRL4sr7mjei97FgnwhAyyzRYmQZaTHb2+9uZ1dPtg==",
            "requires": {
                "debug": "2.6.9",
                "encodeurl": "1.0.2",
                "escape-html": "1.0.3",
                "on-finished": "2.3.0",
                "parseurl": "1.3.2",
                "statuses": "1.4.0",
                "unpipe": "1.0.0"
            }
        },
        "forwarded": {
            "version": "0.1.2",
            "resolved": "https://registry.npmjs.org/forwarded/-/forwarded-0.1.2.tgz",
            "integrity": "sha1-mMI9qxF1ZXuMBXPozszZGw/xjIQ="
        },
        "fresh": {
            "version": "0.5.2",
            "resolved": "https://registry.npmjs.org/fresh/-/fresh-0.5.2.tgz",
            "integrity": "sha1-PYyt2Q2XZWn6g1qx+OSyOhBWBac="
        },
        "glob": {
            "version": "5.0.15",
            "resolved": "https://registry.npmjs.org/glob/-/glob-5.0.15.tgz",
            "integrity": "sha1-G8k2ueAvSmA/zCIuz3Yz0wuLk7E=",
            "requires": {
                "inflight": "1.0.6",
                "inherits": "2.0.3",
                "minimatch": "3.0.4",
                "once": "1.4.0",
                "path-is-absolute": "1.0.1"
            }
        },
        "hapi": {
            "version": "16.6.3",
            "resolved": "https://registry.npmjs.org/hapi/-/hapi-16.6.3.tgz",
            "integrity": "sha512-Fe1EtSlRWdez9c1sLDrHZYxpsp3IddwtUWp7y65TCBW5CMcBP98X4WnoBJZTGsDZnk/FDkRyEMhUVsC9qysDPg==",
            "requires": {
                "accept": "2.1.4",
                "ammo": "2.0.4",
                "boom": "5.2.0",
                "call": "4.0.2",
                "catbox": "7.1.5",
                "catbox-memory": "2.0.4",
                "cryptiles": "3.1.2",
                "heavy": "4.0.4",
                "hoek": "4.2.1",
                "iron": "4.0.5",
                "items": "2.1.1",
                "joi": "11.4.0",
                "mimos": "3.0.3",
                "podium": "1.3.0",
                "shot": "3.4.2",
                "statehood": "5.0.3",
                "subtext": "5.0.0",
                "topo": "2.0.2"
            }
        },
        "hapi-postgres-connection": {
            "version": "6.5.0",
            "resolved": "https://registry.npmjs.org/hapi-postgres-connection/-/hapi-postgres-connection-6.5.0.tgz",
            "integrity": "sha1-xS3QEhSsEwbacb/RV1mzQHLWj1s=",
            "requires": {
                "pg": "7.4.1"
            }
        },
        "hapi-router": {
            "version": "3.5.0",
            "resolved": "https://registry.npmjs.org/hapi-router/-/hapi-router-3.5.0.tgz",
            "integrity": "sha1-sEEFWu8jAq1Bro9wf3DMcHII26k=",
            "requires": {
                "cast-array": "1.0.1",
                "glob": "5.0.15"
            }
        },
        "heavy": {
            "version": "4.0.4",
            "resolved": "https://registry.npmjs.org/heavy/-/heavy-4.0.4.tgz",
            "integrity": "sha1-NskTNsAMz+hSyqTRUwhjNc0vAOk=",
            "requires": {
                "boom": "5.2.0",
                "hoek": "4.2.1",
                "joi": "10.6.0"
            },
            "dependencies": {
                "joi": {
                    "version": "10.6.0",
                    "resolved": "https://registry.npmjs.org/joi/-/joi-10.6.0.tgz",
                    "integrity": "sha512-hBF3LcqyAid+9X/pwg+eXjD2QBZI5eXnBFJYaAkH4SK3mp9QSRiiQnDYlmlz5pccMvnLcJRS4whhDOTCkmsAdQ==",
                    "requires": {
                        "hoek": "4.2.1",
                        "isemail": "2.2.1",
                        "items": "2.1.1",
                        "topo": "2.0.2"
                    }
                }
            }
        },
        "hoek": {
            "version": "4.2.1",
            "resolved": "https://registry.npmjs.org/hoek/-/hoek-4.2.1.tgz",
            "integrity": "sha512-QLg82fGkfnJ/4iy1xZ81/9SIJiq1NGFUMGs6ParyjBZr6jW2Ufj/snDqTHixNlHdPNwN2RLVD0Pi3igeK9+JfA=="
        },
        "http-errors": {
            "version": "1.6.2",
            "resolved": "https://registry.npmjs.org/http-errors/-/http-errors-1.6.2.tgz",
            "integrity": "sha1-CgAsyFcHGSp+eUbO7cERVfYOxzY=",
            "requires": {
                "depd": "1.1.1",
                "inherits": "2.0.3",
                "setprototypeof": "1.0.3",
                "statuses": "1.4.0"
            },
            "dependencies": {
                "depd": {
                    "version": "1.1.1",
                    "resolved": "https://registry.npmjs.org/depd/-/depd-1.1.1.tgz",
                    "integrity": "sha1-V4O04cRZ8G+lyif5kfPQbnoxA1k="
                },
                "setprototypeof": {
                    "version": "1.0.3",
                    "resolved": "https://registry.npmjs.org/setprototypeof/-/setprototypeof-1.0.3.tgz",
                    "integrity": "sha1-ZlZ+NwQ+608E2RvWWMDL77VbjgQ="
                }
            }
        },
        "iconv-lite": {
            "version": "0.4.19",
            "resolved": "https://registry.npmjs.org/iconv-lite/-/iconv-lite-0.4.19.tgz",
            "integrity": "sha512-oTZqweIP51xaGPI4uPa56/Pri/480R+mo7SeU+YETByQNhDG55ycFyNLIgta9vXhILrxXDmF7ZGhqZIcuN0gJQ=="
        },
        "inflight": {
            "version": "1.0.6",
            "resolved": "https://registry.npmjs.org/inflight/-/inflight-1.0.6.tgz",
            "integrity": "sha1-Sb1jMdfQLQwJvJEKEHW6gWW1bfk=",
            "requires": {
                "once": "1.4.0",
                "wrappy": "1.0.2"
            }
        },
        "inherits": {
            "version": "2.0.3",
            "resolved": "https://registry.npmjs.org/inherits/-/inherits-2.0.3.tgz",
            "integrity": "sha1-Yzwsg+PaQqUC9SRmAiSA9CCCYd4="
        },
        "ipaddr.js": {
            "version": "1.6.0",
            "resolved": "https://registry.npmjs.org/ipaddr.js/-/ipaddr.js-1.6.0.tgz",
            "integrity": "sha1-4/o1e3c9phnybpXwSdBVxyeW+Gs="
        },
        "iron": {
            "version": "4.0.5",
            "resolved": "https://registry.npmjs.org/iron/-/iron-4.0.5.tgz",
            "integrity": "sha1-TwQszri5c480a1mqc0yDqJvDFCg=",
            "requires": {
                "boom": "5.2.0",
                "cryptiles": "3.1.2",
                "hoek": "4.2.1"
            }
        },
        "isarray": {
            "version": "0.0.1",
            "resolved": "https://registry.npmjs.org/isarray/-/isarray-0.0.1.tgz",
            "integrity": "sha1-ihis/Kmo9Bd+Cav8YDiTmwXR7t8="
        },
        "isemail": {
            "version": "2.2.1",
            "resolved": "https://registry.npmjs.org/isemail/-/isemail-2.2.1.tgz",
            "integrity": "sha1-A1PT2aYpUQgMJiwqoKQrjqjp4qY="
        },
        "items": {
            "version": "2.1.1",
            "resolved": "https://registry.npmjs.org/items/-/items-2.1.1.tgz",
            "integrity": "sha1-i9FtnIOxlSneWuoyGsqtp4NkoZg="
        },
        "joi": {
            "version": "11.4.0",
            "resolved": "https://registry.npmjs.org/joi/-/joi-11.4.0.tgz",
            "integrity": "sha512-O7Uw+w/zEWgbL6OcHbyACKSj0PkQeUgmehdoXVSxt92QFCq4+1390Rwh5moI2K/OgC7D8RHRZqHZxT2husMJHA==",
            "requires": {
                "hoek": "4.2.1",
                "isemail": "3.1.1",
                "topo": "2.0.2"
            },
            "dependencies": {
                "isemail": {
                    "version": "3.1.1",
                    "resolved": "https://registry.npmjs.org/isemail/-/isemail-3.1.1.tgz",
                    "integrity": "sha512-mVjAjvdPkpwXW61agT2E9AkGoegZO7SdJGCezWwxnETL58f5KwJ4vSVAMBUL5idL6rTlYAIGkX3n4suiviMLNw==",
                    "requires": {
                        "punycode": "2.1.0"
                    }
                }
            }
        },
        "js-string-escape": {
            "version": "1.0.1",
            "resolved": "https://registry.npmjs.org/js-string-escape/-/js-string-escape-1.0.1.tgz",
            "integrity": "sha1-4mJbrbwNZ8dTPp7cEGjFh65BN+8="
        },
        "media-typer": {
            "version": "0.3.0",
            "resolved": "https://registry.npmjs.org/media-typer/-/media-typer-0.3.0.tgz",
            "integrity": "sha1-hxDXrwqmJvj/+hzgAWhUUmMlV0g="
        },
        "merge-descriptors": {
            "version": "1.0.1",
            "resolved": "https://registry.npmjs.org/merge-descriptors/-/merge-descriptors-1.0.1.tgz",
            "integrity": "sha1-sAqqVW3YtEVoFQ7J0blT8/kMu2E="
        },
        "methods": {
            "version": "1.1.2",
            "resolved": "https://registry.npmjs.org/methods/-/methods-1.1.2.tgz",
            "integrity": "sha1-VSmk1nZUE07cxSZmVoNbD4Ua/O4="
        },
        "mime": {
            "version": "1.4.1",
            "resolved": "https://registry.npmjs.org/mime/-/mime-1.4.1.tgz",
            "integrity": "sha512-KI1+qOZu5DcW6wayYHSzR/tXKCDC5Om4s1z2QJjDULzLcmf3DvzS7oluY4HCTrc+9FiKmWUgeNLg7W3uIQvxtQ=="
        },
        "mime-db": {
            "version": "1.33.0",
            "resolved": "https://registry.npmjs.org/mime-db/-/mime-db-1.33.0.tgz",
            "integrity": "sha512-BHJ/EKruNIqJf/QahvxwQZXKygOQ256myeN/Ew+THcAa5q+PjyTTMMeNQC4DZw5AwfvelsUrA6B67NKMqXDbzQ=="
        },
        "mime-types": {
            "version": "2.1.18",
            "resolved": "https://registry.npmjs.org/mime-types/-/mime-types-2.1.18.tgz",
            "integrity": "sha512-lc/aahn+t4/SWV/qcmumYjymLsWfN3ELhpmVuUFjgsORruuZPVSwAQryq+HHGvO/SI2KVX26bx+En+zhM8g8hQ==",
            "requires": {
                "mime-db": "1.33.0"
            }
        },
        "mimos": {
            "version": "3.0.3",
            "resolved": "https://registry.npmjs.org/mimos/-/mimos-3.0.3.tgz",
            "integrity": "sha1-uRCQcq03jCty9qAQHEPd+ys2ZB8=",
            "requires": {
                "hoek": "4.2.1",
                "mime-db": "1.33.0"
            }
        },
        "minimatch": {
            "version": "3.0.4",
            "resolved": "https://registry.npmjs.org/minimatch/-/minimatch-3.0.4.tgz",
            "integrity": "sha512-yJHVQEhyqPLUTgt9B83PXu6W3rx4MvvHvSUvToogpwoGDOUQ+yDrR0HRot+yOCdCO7u4hX3pWft6kWBBcqh0UA==",
            "requires": {
                "brace-expansion": "1.1.11"
            }
        },
        "ms": {
            "version": "2.0.0",
            "resolved": "https://registry.npmjs.org/ms/-/ms-2.0.0.tgz",
            "integrity": "sha1-VgiurfwAvmwpAd9fmGF4jeDVl8g="
        },
        "negotiator": {
            "version": "0.6.1",
            "resolved": "https://registry.npmjs.org/negotiator/-/negotiator-0.6.1.tgz",
            "integrity": "sha1-KzJxhOiZIQEXeyhWP7XnECrNDKk="
        },
        "nigel": {
            "version": "2.0.2",
            "resolved": "https://registry.npmjs.org/nigel/-/nigel-2.0.2.tgz",
            "integrity": "sha1-k6GGb7DFLYc5CqdeKxYfS1x15bE=",
            "requires": {
                "hoek": "4.2.1",
                "vise": "2.0.2"
            }
        },
        "on-finished": {
            "version": "2.3.0",
            "resolved": "https://registry.npmjs.org/on-finished/-/on-finished-2.3.0.tgz",
            "integrity": "sha1-IPEzZIGwg811M3mSoWlxqi2QaUc=",
            "requires": {
                "ee-first": "1.1.1"
            }
        },
        "once": {
            "version": "1.4.0",
            "resolved": "https://registry.npmjs.org/once/-/once-1.4.0.tgz",
            "integrity": "sha1-WDsap3WWHUsROsF9nFC6753Xa9E=",
            "requires": {
                "wrappy": "1.0.2"
            }
        },
        "packet-reader": {
            "version": "0.3.1",
            "resolved": "https://registry.npmjs.org/packet-reader/-/packet-reader-0.3.1.tgz",
            "integrity": "sha1-zWLmCvjX/qinBexP+ZCHHEaHHyc="
        },
        "parseurl": {
            "version": "1.3.2",
            "resolved": "https://registry.npmjs.org/parseurl/-/parseurl-1.3.2.tgz",
            "integrity": "sha1-/CidTtiZMRlGDBViUyYs3I3mW/M="
        },
        "path-is-absolute": {
            "version": "1.0.1",
            "resolved": "https://registry.npmjs.org/path-is-absolute/-/path-is-absolute-1.0.1.tgz",
            "integrity": "sha1-F0uSaHNVNP+8es5r9TpanhtcX18="
        },
        "path-to-regexp": {
            "version": "0.1.7",
            "resolved": "https://registry.npmjs.org/path-to-regexp/-/path-to-regexp-0.1.7.tgz",
            "integrity": "sha1-32BBeABfUi8V60SQ5yR6G/qmf4w="
        },
        "pez": {
            "version": "2.1.5",
            "resolved": "https://registry.npmjs.org/pez/-/pez-2.1.5.tgz",
            "integrity": "sha1-XsLMYlAMw+tCNtSkFM9aF7XrUAc=",
            "requires": {
                "b64": "3.0.3",
                "boom": "5.2.0",
                "content": "3.0.7",
                "hoek": "4.2.1",
                "nigel": "2.0.2"
            }
        },
        "pg": {
            "version": "7.4.1",
            "resolved": "https://registry.npmjs.org/pg/-/pg-7.4.1.tgz",
            "integrity": "sha512-Pi5qYuXro5PAD9xXx8h7bFtmHgAQEG6/SCNyi7gS3rvb/ZQYDmxKchfB0zYtiSJNWq9iXTsYsHjrM+21eBcN1A==",
            "requires": {
                "buffer-writer": "1.0.1",
                "js-string-escape": "1.0.1",
                "packet-reader": "0.3.1",
                "pg-connection-string": "0.1.3",
                "pg-pool": "2.0.3",
                "pg-types": "1.12.1",
                "pgpass": "1.0.2",
                "semver": "4.3.2"
            }
        },
        "pg-connection-string": {
            "version": "0.1.3",
            "resolved": "https://registry.npmjs.org/pg-connection-string/-/pg-connection-string-0.1.3.tgz",
            "integrity": "sha1-2hhHsglA5C7hSSvq9l1J2RskXfc="
        },
        "pg-pool": {
            "version": "2.0.3",
            "resolved": "https://registry.npmjs.org/pg-pool/-/pg-pool-2.0.3.tgz",
            "integrity": "sha1-wCIDLIlJ8xKk+R+2QJzgQHa+Mlc="
        },
        "pg-types": {
            "version": "1.12.1",
            "resolved": "https://registry.npmjs.org/pg-types/-/pg-types-1.12.1.tgz",
            "integrity": "sha1-1kCH45A7WP+q0nnnWVxSIIoUw9I=",
            "requires": {
                "postgres-array": "1.0.2",
                "postgres-bytea": "1.0.0",
                "postgres-date": "1.0.3",
                "postgres-interval": "1.1.1"
            }
        },
        "pgpass": {
            "version": "1.0.2",
            "resolved": "https://registry.npmjs.org/pgpass/-/pgpass-1.0.2.tgz",
            "integrity": "sha1-Knu0G2BltnkH6R2hsHwYR8h3swY=",
            "requires": {
                "split": "1.0.1"
            }
        },
        "podium": {
            "version": "1.3.0",
            "resolved": "https://registry.npmjs.org/podium/-/podium-1.3.0.tgz",
            "integrity": "sha512-ZIujqk1pv8bRZNVxwwwq0BhXilZ2udycQT3Kp8ah3f3TcTmVg7ILJsv/oLf47gRa2qeiP584lNq+pfvS9U3aow==",
            "requires": {
                "hoek": "4.2.1",
                "items": "2.1.1",
                "joi": "10.6.0"
            },
            "dependencies": {
                "joi": {
                    "version": "10.6.0",
                    "resolved": "https://registry.npmjs.org/joi/-/joi-10.6.0.tgz",
                    "integrity": "sha512-hBF3LcqyAid+9X/pwg+eXjD2QBZI5eXnBFJYaAkH4SK3mp9QSRiiQnDYlmlz5pccMvnLcJRS4whhDOTCkmsAdQ==",
                    "requires": {
                        "hoek": "4.2.1",
                        "isemail": "2.2.1",
                        "items": "2.1.1",
                        "topo": "2.0.2"
                    }
                }
            }
        },
        "postgres-array": {
            "version": "1.0.2",
            "resolved": "https://registry.npmjs.org/postgres-array/-/postgres-array-1.0.2.tgz",
            "integrity": "sha1-jgsy6wO/d6XAp4UeBEHBaaJWojg="
        },
        "postgres-bytea": {
            "version": "1.0.0",
            "resolved": "https://registry.npmjs.org/postgres-bytea/-/postgres-bytea-1.0.0.tgz",
            "integrity": "sha1-AntTPAqokOJtFy1Hz5zOzFIazTU="
        },
        "postgres-date": {
            "version": "1.0.3",
            "resolved": "https://registry.npmjs.org/postgres-date/-/postgres-date-1.0.3.tgz",
            "integrity": "sha1-4tiXAu/bJY/52c7g/pG9BpdSV6g="
        },
        "postgres-interval": {
            "version": "1.1.1",
            "resolved": "https://registry.npmjs.org/postgres-interval/-/postgres-interval-1.1.1.tgz",
            "integrity": "sha512-OkuCi9t/3CZmeQreutGgx/OVNv9MKHGIT5jH8KldQ4NLYXkvmT9nDVxEuCENlNwhlGPE374oA/xMqn05G49pHA==",
            "requires": {
                "xtend": "4.0.1"
            }
        },
        "proxy-addr": {
            "version": "2.0.3",
            "resolved": "https://registry.npmjs.org/proxy-addr/-/proxy-addr-2.0.3.tgz",
            "integrity": "sha512-jQTChiCJteusULxjBp8+jftSQE5Obdl3k4cnmLA6WXtK6XFuWRnvVL7aCiBqaLPM8c4ph0S4tKna8XvmIwEnXQ==",
            "requires": {
                "forwarded": "0.1.2",
                "ipaddr.js": "1.6.0"
            }
        },
        "punycode": {
            "version": "2.1.0",
            "resolved": "https://registry.npmjs.org/punycode/-/punycode-2.1.0.tgz",
            "integrity": "sha1-X4Y+3Im5bbCQdLrXlHvwkFbKTn0="
        },
        "qs": {
            "version": "6.5.1",
            "resolved": "https://registry.npmjs.org/qs/-/qs-6.5.1.tgz",
            "integrity": "sha512-eRzhrN1WSINYCDCbrz796z37LOe3m5tmW7RQf6oBntukAG1nmovJvhnwHHRMAfeoItc1m2Hk02WER2aQ/iqs+A=="
        },
        "range-parser": {
            "version": "1.2.0",
            "resolved": "https://registry.npmjs.org/range-parser/-/range-parser-1.2.0.tgz",
            "integrity": "sha1-9JvmtIeJTdxA3MlKMi9hEJLgDV4="
        },
        "raw-body": {
            "version": "2.3.2",
            "resolved": "https://registry.npmjs.org/raw-body/-/raw-body-2.3.2.tgz",
            "integrity": "sha1-vNYMd9Prk83gBQKVw/N5OJvIj4k=",
            "requires": {
                "bytes": "3.0.0",
                "http-errors": "1.6.2",
                "iconv-lite": "0.4.19",
                "unpipe": "1.0.0"
            }
        },
        "safe-buffer": {
            "version": "5.1.1",
            "resolved": "https://registry.npmjs.org/safe-buffer/-/safe-buffer-5.1.1.tgz",
            "integrity": "sha512-kKvNJn6Mm93gAczWVJg7wH+wGYWNrDHdWvpUmHyEsgCtIwwo3bqPtV4tR5tuPaUhTOo/kvhVwd8XwwOllGYkbg=="
        },
        "semver": {
            "version": "4.3.2",
            "resolved": "https://registry.npmjs.org/semver/-/semver-4.3.2.tgz",
            "integrity": "sha1-x6BxWKgL7dBSNVt3DYLWZA+AO+c="
        },
        "send": {
            "version": "0.16.2",
            "resolved": "https://registry.npmjs.org/send/-/send-0.16.2.tgz",
            "integrity": "sha512-E64YFPUssFHEFBvpbbjr44NCLtI1AohxQ8ZSiJjQLskAdKuriYEP6VyGEsRDH8ScozGpkaX1BGvhanqCwkcEZw==",
            "requires": {
                "debug": "2.6.9",
                "depd": "1.1.2",
                "destroy": "1.0.4",
                "encodeurl": "1.0.2",
                "escape-html": "1.0.3",
                "etag": "1.8.1",
                "fresh": "0.5.2",
                "http-errors": "1.6.2",
                "mime": "1.4.1",
                "ms": "2.0.0",
                "on-finished": "2.3.0",
                "range-parser": "1.2.0",
                "statuses": "1.4.0"
            }
        },
        "serve-static": {
            "version": "1.13.2",
            "resolved": "https://registry.npmjs.org/serve-static/-/serve-static-1.13.2.tgz",
            "integrity": "sha512-p/tdJrO4U387R9oMjb1oj7qSMaMfmOyd4j9hOFoxZe2baQszgHcSWjuya/CiT5kgZZKRudHNOA0pYXOl8rQ5nw==",
            "requires": {
                "encodeurl": "1.0.2",
                "escape-html": "1.0.3",
                "parseurl": "1.3.2",
                "send": "0.16.2"
            }
        },
        "setprototypeof": {
            "version": "1.1.0",
            "resolved": "https://registry.npmjs.org/setprototypeof/-/setprototypeof-1.1.0.tgz",
            "integrity": "sha512-BvE/TwpZX4FXExxOxZyRGQQv651MSwmWKZGqvmPcRIjDqWub67kTKuIMx43cZZrS/cBBzwBcNDWoFxt2XEFIpQ=="
        },
        "shot": {
            "version": "3.4.2",
            "resolved": "https://registry.npmjs.org/shot/-/shot-3.4.2.tgz",
            "integrity": "sha1-Hlw/bysmZJrcQvfrNQIUpaApHWc=",
            "requires": {
                "hoek": "4.2.1",
                "joi": "10.6.0"
            },
            "dependencies": {
                "joi": {
                    "version": "10.6.0",
                    "resolved": "https://registry.npmjs.org/joi/-/joi-10.6.0.tgz",
                    "integrity": "sha512-hBF3LcqyAid+9X/pwg+eXjD2QBZI5eXnBFJYaAkH4SK3mp9QSRiiQnDYlmlz5pccMvnLcJRS4whhDOTCkmsAdQ==",
                    "requires": {
                        "hoek": "4.2.1",
                        "isemail": "2.2.1",
                        "items": "2.1.1",
                        "topo": "2.0.2"
                    }
                }
            }
        },
        "split": {
            "version": "1.0.1",
            "resolved": "https://registry.npmjs.org/split/-/split-1.0.1.tgz",
            "integrity": "sha512-mTyOoPbrivtXnwnIxZRFYRrPNtEFKlpB2fvjSnCQUiAA6qAZzqwna5envK4uk6OIeP17CsdF3rSBGYVBsU0Tkg==",
            "requires": {
                "through": "2.3.8"
            }
        },
        "statehood": {
            "version": "5.0.3",
            "resolved": "https://registry.npmjs.org/statehood/-/statehood-5.0.3.tgz",
            "integrity": "sha512-YrPrCt10t3ImH/JMO5szSwX7sCm8HoqVl3VFLOa9EZ1g/qJx/ZmMhN+2uzPPB/vaU6hpkJpXxcBWsgIkkG+MXA==",
            "requires": {
                "boom": "5.2.0",
                "cryptiles": "3.1.2",
                "hoek": "4.2.1",
                "iron": "4.0.5",
                "items": "2.1.1",
                "joi": "10.6.0"
            },
            "dependencies": {
                "joi": {
                    "version": "10.6.0",
                    "resolved": "https://registry.npmjs.org/joi/-/joi-10.6.0.tgz",
                    "integrity": "sha512-hBF3LcqyAid+9X/pwg+eXjD2QBZI5eXnBFJYaAkH4SK3mp9QSRiiQnDYlmlz5pccMvnLcJRS4whhDOTCkmsAdQ==",
                    "requires": {
                        "hoek": "4.2.1",
                        "isemail": "2.2.1",
                        "items": "2.1.1",
                        "topo": "2.0.2"
                    }
                }
            }
        },
        "statuses": {
            "version": "1.4.0",
            "resolved": "https://registry.npmjs.org/statuses/-/statuses-1.4.0.tgz",
            "integrity": "sha512-zhSCtt8v2NDrRlPQpCNtw/heZLtfUDqxBM1udqikb/Hbk52LK4nQSwr10u77iopCW5LsyHpuXS0GnEc48mLeew=="
        },
        "subtext": {
            "version": "5.0.0",
            "resolved": "https://registry.npmjs.org/subtext/-/subtext-5.0.0.tgz",
            "integrity": "sha512-2nXG1G1V+K64Z20cQII7k0s38J2DSycMXBLMAk9RXUFG0uAkAbLSVoa88croX9VhTdBCJbLAe9g6LmzKwpJhhQ==",
            "requires": {
                "boom": "5.2.0",
                "content": "3.0.7",
                "hoek": "4.2.1",
                "pez": "2.1.5",
                "wreck": "12.5.1"
            }
        },
        "through": {
            "version": "2.3.8",
            "resolved": "https://registry.npmjs.org/through/-/through-2.3.8.tgz",
            "integrity": "sha1-DdTJ/6q8NXlgsbckEV1+Doai4fU="
        },
        "topo": {
            "version": "2.0.2",
            "resolved": "https://registry.npmjs.org/topo/-/topo-2.0.2.tgz",
            "integrity": "sha1-zVYVdSU5BXwNwEkaYhw7xvvh0YI=",
            "requires": {
                "hoek": "4.2.1"
            }
        },
        "type-is": {
            "version": "1.6.16",
            "resolved": "https://registry.npmjs.org/type-is/-/type-is-1.6.16.tgz",
            "integrity": "sha512-HRkVv/5qY2G6I8iab9cI7v1bOIdhm94dVjQCPFElW9W+3GeDOSHmy2EBYe4VTApuzolPcmgFTN3ftVJRKR2J9Q==",
            "requires": {
                "media-typer": "0.3.0",
                "mime-types": "2.1.18"
            }
        },
        "unpipe": {
            "version": "1.0.0",
            "resolved": "https://registry.npmjs.org/unpipe/-/unpipe-1.0.0.tgz",
            "integrity": "sha1-sr9O6FFKrmFltIF4KdIbLvSZBOw="
        },
        "utils-merge": {
            "version": "1.0.1",
            "resolved": "https://registry.npmjs.org/utils-merge/-/utils-merge-1.0.1.tgz",
            "integrity": "sha1-n5VxD1CiZ5R7LMwSR0HBAoQn5xM="
        },
        "vary": {
            "version": "1.1.2",
            "resolved": "https://registry.npmjs.org/vary/-/vary-1.1.2.tgz",
            "integrity": "sha1-IpnwLG3tMNSllhsLn3RSShj2NPw="
        },
        "vise": {
            "version": "2.0.2",
            "resolved": "https://registry.npmjs.org/vise/-/vise-2.0.2.tgz",
            "integrity": "sha1-awjo+0y3bjpQzW3Q7DczjoEaDTk=",
            "requires": {
                "hoek": "4.2.1"
            }
        },
        "wrappy": {
            "version": "1.0.2",
            "resolved": "https://registry.npmjs.org/wrappy/-/wrappy-1.0.2.tgz",
            "integrity": "sha1-tSQ9jz7BqjXxNkYFvA0QNuMKtp8="
        },
        "wreck": {
            "version": "12.5.1",
            "resolved": "https://registry.npmjs.org/wreck/-/wreck-12.5.1.tgz",
            "integrity": "sha512-l5DUGrc+yDyIflpty1x9XuMj1ehVjC/dTbF3/BasOO77xk0EdEa4M/DuOY8W88MQDAD0fEDqyjc8bkIMHd2E9A==",
            "requires": {
                "boom": "5.2.0",
                "hoek": "4.2.1"
            }
        },
        "xtend": {
            "version": "4.0.1",
            "resolved": "https://registry.npmjs.org/xtend/-/xtend-4.0.1.tgz",
            "integrity": "sha1-pcbVMr5lbiPbgg77lDofBJmNY68="
        }
    }
}
